
Microsoft Visual Studio Solution File, Format Version 12.00
# Visual Studio 15
VisualStudioVersion = 15.0.27004.2008
MinimumVisualStudioVersion = 10.0.40219.1
Project("{9A19103F-16F7-4668-BE54-9A1E7A4F7556}") = "BlockChain", "BlockChain.csproj", "{58D2C36C-62B3-4F30-8B23-5DB3B4A1D45A}"
EndProject
Global
	GlobalSection(SolutionConfigurationPlatforms) = preSolution
		Debug|Any CPU = Debug|Any CPU
		Release|Any CPU = Release|Any CPU
	EndGlobalSection
	GlobalSection(ProjectConfigurationPlatforms) = postSolution
		{58D2C36C-62B3-4F30-8B23-5DB3B4A1D45A}.Debug|Any CPU.ActiveCfg = Debug|Any CPU
		{58D2C36C-62B3-4F30-8B23-5DB3B4A1D45A}.Debug|Any CPU.Build.0 = Debug|Any CPU
		{58D2C36C-62B3-4F30-8B23-5DB3B4A1D45A}.Release|Any CPU.ActiveCfg = Release|Any CPU
		{58D2C36C-62B3-4F30-8B23-5DB3B4A1D45A}.Release|Any CPU.Build.0 = Release|Any CPU
	EndGlobalSection
	GlobalSection(SolutionProperties) = preSolution
		HideSolutionNode = FALSE
	EndGlobalSection
	GlobalSection(ExtensibilityGlobals) = postSolution
		SolutionGuid = {31A34630-7D24-4D74-8E5E-CACFD88F1794}
	EndGlobalSection
EndGlobal
